
Microsoft Visual Studio Solution File, Format Version 12.00
# Visual Studio Version 17
VisualStudioVersion = 17.9.34723.18
MinimumVisualStudioVersion = 10.0.40219.1
Project("{FAE04EC0-301F-11D3-BF4B-00C04F79EFBC}") = "Static,Interface2", "Static,Interface2\Static,Interface2.csproj", "{A7F4BCC7-8B89-466A-BD5F-F0458CBCB517}"
EndProject
Global
	GlobalSection(SolutionConfigurationPlatforms) = preSolution
		Debug|Any CPU = Debug|Any CPU
		Release|Any CPU = Release|Any CPU
	EndGlobalSection
	GlobalSection(ProjectConfigurationPlatforms) = postSolution
		{A7F4BCC7-8B89-466A-BD5F-F0458CBCB517}.Debug|Any CPU.ActiveCfg = Debug|Any CPU
		{A7F4BCC7-8B89-466A-BD5F-F0458CBCB517}.Debug|Any CPU.Build.0 = Debug|Any CPU
		{A7F4BCC7-8B89-466A-BD5F-F0458CBCB517}.Release|Any CPU.ActiveCfg = Release|Any CPU
		{A7F4BCC7-8B89-466A-BD5F-F0458CBCB517}.Release|Any CPU.Build.0 = Release|Any CPU
	EndGlobalSection
	GlobalSection(SolutionProperties) = preSolution
		HideSolutionNode = FALSE
	EndGlobalSection
	GlobalSection(ExtensibilityGlobals) = postSolution
		SolutionGuid = {CF30DD58-69A5-49B9-9293-7A3E3C8DAF26}
	EndGlobalSection
EndGlobal
